
Microsoft Visual Studio Solution File, Format Version 12.00
# Visual Studio 14
VisualStudioVersion = 14.0.25420.1
MinimumVisualStudioVersion = 10.0.40219.1
Project("{FAE04EC0-301F-11D3-BF4B-00C04F79EFBC}") = "Lpnt.QuanLyKyThi", "Lpnt.QuanLyKyThi\Lpnt.QuanLyKyThi.csproj", "{E10E2056-7534-48A4-B622-B69E79CBB063}"
EndProject
Project("{FAE04EC0-301F-11D3-BF4B-00C04F79EFBC}") = "Lpnt.QuanLyKyThi.DuLieu", "Lpnt.QuanLyKyThi.DuLieu\Lpnt.QuanLyKyThi.DuLieu.csproj", "{A53238C7-47B4-413B-9B17-0AD17E251A5D}"
EndProject
Project("{FAE04EC0-301F-11D3-BF4B-00C04F79EFBC}") = "Lpnt.QuanLy", "Lpnt.QuanLy\Lpnt.QuanLy.csproj", "{168DDF2C-F533-465F-AB0D-ACE08E1338F5}"
EndProject
Global
	GlobalSection(SolutionConfigurationPlatforms) = preSolution
		Debug|Any CPU = Debug|Any CPU
		Release|Any CPU = Release|Any CPU
	EndGlobalSection
	GlobalSection(ProjectConfigurationPlatforms) = postSolution
		{E10E2056-7534-48A4-B622-B69E79CBB063}.Debug|Any CPU.ActiveCfg = Debug|Any CPU
		{E10E2056-7534-48A4-B622-B69E79CBB063}.Debug|Any CPU.Build.0 = Debug|Any CPU
		{E10E2056-7534-48A4-B622-B69E79CBB063}.Release|Any CPU.ActiveCfg = Release|Any CPU
		{E10E2056-7534-48A4-B622-B69E79CBB063}.Release|Any CPU.Build.0 = Release|Any CPU
		{A53238C7-47B4-413B-9B17-0AD17E251A5D}.Debug|Any CPU.ActiveCfg = Debug|Any CPU
		{A53238C7-47B4-413B-9B17-0AD17E251A5D}.Debug|Any CPU.Build.0 = Debug|Any CPU
		{A53238C7-47B4-413B-9B17-0AD17E251A5D}.Release|Any CPU.ActiveCfg = Release|Any CPU
		{A53238C7-47B4-413B-9B17-0AD17E251A5D}.Release|Any CPU.Build.0 = Release|Any CPU
		{168DDF2C-F533-465F-AB0D-ACE08E1338F5}.Debug|Any CPU.ActiveCfg = Debug|Any CPU
		{168DDF2C-F533-465F-AB0D-ACE08E1338F5}.Debug|Any CPU.Build.0 = Debug|Any CPU
		{168DDF2C-F533-465F-AB0D-ACE08E1338F5}.Release|Any CPU.ActiveCfg = Release|Any CPU
		{168DDF2C-F533-465F-AB0D-ACE08E1338F5}.Release|Any CPU.Build.0 = Release|Any CPU
	EndGlobalSection
	GlobalSection(SolutionProperties) = preSolution
		HideSolutionNode = FALSE
	EndGlobalSection
EndGlobal
